<?xml version="1.0" encoding="utf-8"?>
<Project ToolsVersion="4.0" xmlns="http://schemas.microsoft.com/developer/msbuild/2003">
  <ItemGroup>
    <Filter Include="ThirdParty">
      <UniqueIdentifier>{107145F9-FC28-8746-6530-60A251072237}</UniqueIdentifier>
    </Filter>
    <Filter Include="ThirdParty\stb_image">
      <UniqueIdentifier>{AAB50CD2-9644-969B-3F63-AA962BD1A641}</UniqueIdentifier>
    </Filter>
    <Filter Include="src">
      <UniqueIdentifier>{2DAB880B-99B4-887C-2230-9F7C8E38947C}</UniqueIdentifier>
    </Filter>
    <Filter Include="src\Camera">
      <UniqueIdentifier>{054BA008-F102-E255-5A0A-BBB146E17C46}</UniqueIdentifier>
    </Filter>
    <Filter Include="src\Core">
      <UniqueIdentifier>{A5D31CCF-91A0-77DA-BAB9-6582A6E5AC68}</UniqueIdentifier>
    </Filter>
    <Filter Include="src\Debug">
      <UniqueIdentifier>{63A3C3B2-CF0D-7829-184C-29CF84F5557E}</UniqueIdentifier>
    </Filter>
    <Filter Include="src\Events">
      <UniqueIdentifier>{7162C20E-5D1A-045C-C621-DDB7B2F89E4C}</UniqueIdentifier>
    </Filter>
    <Filter Include="src\ImGui">
      <UniqueIdentifier>{170E22B3-8378-D629-CCB6-87CF3860B47E}</UniqueIdentifier>
    </Filter>
    <Filter Include="src\Platform">
      <UniqueIdentifier>{21CA02E5-0D2D-9289-B6B2-CA3FA2F45D0C}</UniqueIdentifier>
    </Filter>
    <Filter Include="src\Platform\OpenGL">
      <UniqueIdentifier>{35A49437-A105-7245-2A73-B8F796D3A804}</UniqueIdentifier>
    </Filter>
    <Filter Include="src\Platform\Windows">
      <UniqueIdentifier>{5B054582-4794-CE4B-F0B2-E246DC20DFF1}</UniqueIdentifier>
    </Filter>
    <Filter Include="src\Renderer">
      <UniqueIdentifier>{73D1DFBF-5F34-6F64-08BA-A71AF4FB3AE7}</UniqueIdentifier>
    </Filter>
  </ItemGroup>
  <ItemGroup>
    <ClInclude Include="..\ThirdParty\stb_image\stb_image.h">
      <Filter>ThirdParty\stb_image</Filter>
    </ClInclude>
    <ClInclude Include="src\Camera\OrthographicCamera.h">
      <Filter>src\Camera</Filter>
    </ClInclude>
    <ClInclude Include="src\Camera\OrthographicCameraController.h">
      <Filter>src\Camera</Filter>
    </ClInclude>
    <ClInclude Include="src\Core\Application.h">
      <Filter>src\Core</Filter>
    </ClInclude>
    <ClInclude Include="src\Core\Base.h">
      <Filter>src\Core</Filter>
    </ClInclude>
    <ClInclude Include="src\Core\EntryPoint.h">
      <Filter>src\Core</Filter>
    </ClInclude>
    <ClInclude Include="src\Core\Input.h">
      <Filter>src\Core</Filter>
    </ClInclude>
    <ClInclude Include="src\Core\KeyCodes.h">
      <Filter>src\Core</Filter>
    </ClInclude>
    <ClInclude Include="src\Core\Layer.h">
      <Filter>src\Core</Filter>
    </ClInclude>
    <ClInclude Include="src\Core\LayerStack.h">
      <Filter>src\Core</Filter>
    </ClInclude>
    <ClInclude Include="src\Core\Logger.h">
      <Filter>src\Core</Filter>
    </ClInclude>
    <ClInclude Include="src\Core\MouseCodes.h">
      <Filter>src\Core</Filter>
    </ClInclude>
    <ClInclude Include="src\Core\Timestep.h">
      <Filter>src\Core</Filter>
    </ClInclude>
    <ClInclude Include="src\Core\Window.h">
      <Filter>src\Core</Filter>
    </ClInclude>
    <ClInclude Include="src\Debug\Instrumentor.h">
      <Filter>src\Debug</Filter>
    </ClInclude>
    <ClInclude Include="src\Events\ApplicationEvent.h">
      <Filter>src\Events</Filter>
    </ClInclude>
    <ClInclude Include="src\Events\Event.h">
      <Filter>src\Events</Filter>
    </ClInclude>
    <ClInclude Include="src\Events\KeyEvent.h">
      <Filter>src\Events</Filter>
    </ClInclude>
    <ClInclude Include="src\Events\MouseEvent.h">
      <Filter>src\Events</Filter>
    </ClInclude>
    <ClInclude Include="src\ImGui\ImGuiLayer.h">
      <Filter>src\ImGui</Filter>
    </ClInclude>
    <ClInclude Include="src\Platform\OpenGL\OpenGLBuffer.h">
      <Filter>src\Platform\OpenGL</Filter>
    </ClInclude>
    <ClInclude Include="src\Platform\OpenGL\OpenGLContext.h">
      <Filter>src\Platform\OpenGL</Filter>
    </ClInclude>
    <ClInclude Include="src\Platform\OpenGL\OpenGLRendererAPI.h">
      <Filter>src\Platform\OpenGL</Filter>
    </ClInclude>
    <ClInclude Include="src\Platform\OpenGL\OpenGLShader.h">
      <Filter>src\Platform\OpenGL</Filter>
    </ClInclude>
    <ClInclude Include="src\Platform\OpenGL\OpenGLTexture.h">
      <Filter>src\Platform\OpenGL</Filter>
    </ClInclude>
    <ClInclude Include="src\Platform\OpenGL\OpenGLVertexArray.h">
      <Filter>src\Platform\OpenGL</Filter>
    </ClInclude>
    <ClInclude Include="src\Platform\Windows\WindowsWindow.h">
      <Filter>src\Platform\Windows</Filter>
    </ClInclude>
    <ClInclude Include="src\Renderer\Buffer.h">
      <Filter>src\Renderer</Filter>
    </ClInclude>
    <ClInclude Include="src\Renderer\GraphicsContext.h">
      <Filter>src\Renderer</Filter>
    </ClInclude>
    <ClInclude Include="src\Renderer\RenderCommand.h">
      <Filter>src\Renderer</Filter>
    </ClInclude>
    <ClInclude Include="src\Renderer\Renderer.h">
      <Filter>src\Renderer</Filter>
    </ClInclude>
    <ClInclude Include="src\Renderer\Renderer2D.h">
      <Filter>src\Renderer</Filter>
    </ClInclude>
    <ClInclude Include="src\Renderer\RendererAPI.h">
      <Filter>src\Renderer</Filter>
    </ClInclude>
    <ClInclude Include="src\Renderer\Shader.h">
      <Filter>src\Renderer</Filter>
    </ClInclude>
    <ClInclude Include="src\Renderer\Texture.h">
      <Filter>src\Renderer</Filter>
    </ClInclude>
    <ClInclude Include="src\Renderer\VertexArray.h">
      <Filter>src\Renderer</Filter>
    </ClInclude>
    <ClInclude Include="src\Vireo.h">
      <Filter>src</Filter>
    </ClInclude>
    <ClInclude Include="src\virpch.h">
      <Filter>src</Filter>
    </ClInclude>
    <ClInclude Include="src\Renderer\Framebuffer.h" />
    <ClInclude Include="src\Platform\OpenGL\OpenGLFramebuffer.h" />
  </ItemGroup>
  <ItemGroup>
    <ClCompile Include="..\ThirdParty\stb_image\stb_image.cpp">
      <Filter>ThirdParty\stb_image</Filter>
    </ClCompile>
    <ClCompile Include="src\Camera\OrthographicCamera.cpp">
      <Filter>src\Camera</Filter>
    </ClCompile>
    <ClCompile Include="src\Camera\OrthographicCameraController.cpp">
      <Filter>src\Camera</Filter>
    </ClCompile>
    <ClCompile Include="src\Core\Application.cpp">
      <Filter>src\Core</Filter>
    </ClCompile>
    <ClCompile Include="src\Core\Layer.cpp">
      <Filter>src\Core</Filter>
    </ClCompile>
    <ClCompile Include="src\Core\LayerStack.cpp">
      <Filter>src\Core</Filter>
    </ClCompile>
    <ClCompile Include="src\Core\Logger.cpp">
      <Filter>src\Core</Filter>
    </ClCompile>
    <ClCompile Include="src\ImGui\ImGuiBuild.cpp">
      <Filter>src\ImGui</Filter>
    </ClCompile>
    <ClCompile Include="src\ImGui\ImGuiLayer.cpp">
      <Filter>src\ImGui</Filter>
    </ClCompile>
    <ClCompile Include="src\Platform\OpenGL\OpenGLBuffer.cpp">
      <Filter>src\Platform\OpenGL</Filter>
    </ClCompile>
    <ClCompile Include="src\Platform\OpenGL\OpenGLContext.cpp">
      <Filter>src\Platform\OpenGL</Filter>
    </ClCompile>
    <ClCompile Include="src\Platform\OpenGL\OpenGLRendererAPI.cpp">
      <Filter>src\Platform\OpenGL</Filter>
    </ClCompile>
    <ClCompile Include="src\Platform\OpenGL\OpenGLShader.cpp">
      <Filter>src\Platform\OpenGL</Filter>
    </ClCompile>
    <ClCompile Include="src\Platform\OpenGL\OpenGLTexture.cpp">
      <Filter>src\Platform\OpenGL</Filter>
    </ClCompile>
    <ClCompile Include="src\Platform\OpenGL\OpenGLVertexArray.cpp">
      <Filter>src\Platform\OpenGL</Filter>
    </ClCompile>
    <ClCompile Include="src\Platform\Windows\WindowsInput.cpp">
      <Filter>src\Platform\Windows</Filter>
    </ClCompile>
    <ClCompile Include="src\Platform\Windows\WindowsWindow.cpp">
      <Filter>src\Platform\Windows</Filter>
    </ClCompile>
    <ClCompile Include="src\Renderer\Buffer.cpp">
      <Filter>src\Renderer</Filter>
    </ClCompile>
    <ClCompile Include="src\Renderer\GraphicsContext.cpp">
      <Filter>src\Renderer</Filter>
    </ClCompile>
    <ClCompile Include="src\Renderer\RenderCommand.cpp">
      <Filter>src\Renderer</Filter>
    </ClCompile>
    <ClCompile Include="src\Renderer\Renderer.cpp">
      <Filter>src\Renderer</Filter>
    </ClCompile>
    <ClCompile Include="src\Renderer\Renderer2D.cpp">
      <Filter>src\Renderer</Filter>
    </ClCompile>
    <ClCompile Include="src\Renderer\RendererAPI.cpp">
      <Filter>src\Renderer</Filter>
    </ClCompile>
    <ClCompile Include="src\Renderer\Shader.cpp">
      <Filter>src\Renderer</Filter>
    </ClCompile>
    <ClCompile Include="src\Renderer\Texture.cpp">
      <Filter>src\Renderer</Filter>
    </ClCompile>
    <ClCompile Include="src\Renderer\VertexArray.cpp">
      <Filter>src\Renderer</Filter>
    </ClCompile>
    <ClCompile Include="src\virpch.cpp">
      <Filter>src</Filter>
    </ClCompile>
    <ClCompile Include="src\Renderer\Framebuffer.cpp" />
    <ClCompile Include="src\Platform\OpenGL\OpenGLFramebuffer.cpp" />
  </ItemGroup>
</Project>